// !$*UTF8*$!
{
	archiveVersion = 1;
	classes = {
	};
	objectVersion = 46;
	objects = {

/* Begin PBXBuildFile section */
		F40FC2831B8623B4001BD040 /* AppDelegate.swift in Sources */ = {isa = PBXBuildFile; fileRef = F40FC2821B8623B4001BD040 /* AppDelegate.swift */; };
		F40FC2851B8623B4001BD040 /* ViewController.swift in Sources */ = {isa = PBXBuildFile; fileRef = F40FC2841B8623B4001BD040 /* ViewController.swift */; };
		F40FC2881B8623B4001BD040 /* Main.storyboard in Resources */ = {isa = PBXBuildFile; fileRef = F40FC2861B8623B4001BD040 /* Main.storyboard */; };
		F40FC28A1B8623B4001BD040 /* Images.xcassets in Resources */ = {isa = PBXBuildFile; fileRef = F40FC2891B8623B4001BD040 /* Images.xcassets */; };
		F40FC28D1B8623B4001BD040 /* LaunchScreen.xib in Resources */ = {isa = PBXBuildFile; fileRef = F40FC28B1B8623B4001BD040 /* LaunchScreen.xib */; };
		F40FC2991B8623B4001BD040 /* SlotMachineTests.swift in Sources */ = {isa = PBXBuildFile; fileRef = F40FC2981B8623B4001BD040 /* SlotMachineTests.swift */; };
/* End PBXBuildFile section */

/* Begin PBXContainerItemProxy section */
		F40FC2931B8623B4001BD040 /* PBXContainerItemProxy */ = {
			isa = PBXContainerItemProxy;
			containerPortal = F40FC2751B8623B3001BD040 /* Project object */;
			proxyType = 1;
			remoteGlobalIDString = F40FC27C1B8623B4001BD040;
			remoteInfo = SlotMachine;
		};
/* End PBXContainerItemProxy section */

/* Begin PBXFileReference section */
		F40FC27D1B8623B4001BD040 /* SlotMachine.app */ = {isa = PBXFileReference; explicitFileType = wrapper.application; includeInIndex = 0; path = SlotMachine.app; sourceTree = BUILT_PRODUCTS_DIR; };
		F40FC2811B8623B4001BD040 /* Info.plist */ = {isa = PBXFileReference; lastKnownFileType = text.plist.xml; path = Info.plist; sourceTree = "<group>"; };
		F40FC2821B8623B4001BD040 /* AppDelegate.swift */ = {isa = PBXFileReference; lastKnownFileType = sourcecode.swift; path = AppDelegate.swift; sourceTree = "<group>"; };
		F40FC2841B8623B4001BD040 /* ViewController.swift */ = {isa = PBXFileReference; lastKnownFileType = sourcecode.swift; path = ViewController.swift; sourceTree = "<group>"; };
		F40FC2871B8623B4001BD040 /* Base */ = {isa = PBXFileReference; lastKnownFileType = file.storyboard; name = Base; path = Base.lproj/Main.storyboard; sourceTree = "<group>"; };
		F40FC2891B8623B4001BD040 /* Images.xcassets */ = {isa = PBXFileReference; lastKnownFileType = folder.assetcatalog; path = Images.xcassets; sourceTree = "<group>"; };
		F40FC28C1B8623B4001BD040 /* Base */ = {isa = PBXFileReference; lastKnownFileType = file.xib; name = Base; path = Base.lproj/LaunchScreen.xib; sourceTree = "<group>"; };
		F40FC2921B8623B4001BD040 /* SlotMachineTests.xctest */ = {isa = PBXFileReference; explicitFileType = wrapper.cfbundle; includeInIndex = 0; path = SlotMachineTests.xctest; sourceTree = BUILT_PRODUCTS_DIR; };
		F40FC2971B8623B4001BD040 /* Info.plist */ = {isa = PBXFileReference; lastKnownFileType = text.plist.xml; path = Info.plist; sourceTree = "<group>"; };
		F40FC2981B8623B4001BD040 /* SlotMachineTests.swift */ = {isa = PBXFileReference; lastKnownFileType = sourcecode.swift; path = SlotMachineTests.swift; sourceTree = "<group>"; };
/* End PBXFileReference section */

/* Begin PBXFrameworksBuildPhase section */
		F40FC27A1B8623B4001BD040 /* Frameworks */ = {
			isa = PBXFrameworksBuildPhase;
			buildActionMask = 2147483647;
			files = (
			);
			runOnlyForDeploymentPostprocessing = 0;
		};
		F40FC28F1B8623B4001BD040 /* Frameworks */ = {
			isa = PBXFrameworksBuildPhase;
			buildActionMask = 2147483647;
			files = (
			);
			runOnlyForDeploymentPostprocessing = 0;
		};
/* End PBXFrameworksBuildPhase section */

/* Begin PBXGroup section */
		F40FC2741B8623B3001BD040 = {
			isa = PBXGroup;
			children = (
				F40FC27F1B8623B4001BD040 /* SlotMachine */,
				F40FC2951B8623B4001BD040 /* SlotMachineTests */,
				F40FC27E1B8623B4001BD040 /* Products */,
			);
			sourceTree = "<group>";
		};
		F40FC27E1B8623B4001BD040 /* Products */ = {
			isa = PBXGroup;
			children = (
				F40FC27D1B8623B4001BD040 /* SlotMachine.app */,
				F40FC2921B8623B4001BD040 /* SlotMachineTests.xctest */,
			);
			name = Products;
			sourceTree = "<group>";
		};
		F40FC27F1B8623B4001BD040 /* SlotMachine */ = {
			isa = PBXGroup;
			children = (
				F40FC2821B8623B4001BD040 /* AppDelegate.swift */,
				F40FC2841B8623B4001BD040 /* ViewController.swift */,
				F40FC2861B8623B4001BD040 /* Main.storyboard */,
				F40FC2891B8623B4001BD040 /* Images.xcassets */,
				F40FC28B1B8623B4001BD040 /* LaunchScreen.xib */,
				F40FC2801B8623B4001BD040 /* Supporting Files */,
			);
			path = SlotMachine;
			sourceTree = "<group>";
		};
		F40FC2801B8623B4001BD040 /* Supporting Files */ = {
			isa = PBXGroup;
			children = (
				F40FC2811B8623B4001BD040 /* Info.plist */,
			);
			name = "Supporting Files";
			sourceTree = "<group>";
		};
		F40FC2951B8623B4001BD040 /* SlotMachineTests */ = {
			isa = PBXGroup;
			children = (
				F40FC2981B8623B4001BD040 /* SlotMachineTests.swift */,
				F40FC2961B8623B4001BD040 /* Supporting Files */,
			);
			path = SlotMachineTests;
			sourceTree = "<group>";
		};
		F40FC2961B8623B4001BD040 /* Supporting Files */ = {
			isa = PBXGroup;
			children = (
				F40FC2971B8623B4001BD040 /* Info.plist */,
			);
			name = "Supporting Files";
			sourceTree = "<group>";
		};
/* End PBXGroup section */

/* Begin PBXNativeTarget section */
		F40FC27C1B8623B4001BD040 /* SlotMachine */ = {
			isa = PBXNativeTarget;
			buildConfigurationList = F40FC29C1B8623B4001BD040 /* Build configuration list for PBXNativeTarget "SlotMachine" */;
			buildPhases = (
				F40FC2791B8623B4001BD040 /* Sources */,
				F40FC27A1B8623B4001BD040 /* Frameworks */,
				F40FC27B1B8623B4001BD040 /* Resources */,
			);
			buildRules = (
			);
			dependencies = (
			);
			name = SlotMachine;
			productName = SlotMachine;
			productReference = F40FC27D1B8623B4001BD040 /* SlotMachine.app */;
			productType = "com.apple.product-type.application";
		};
		F40FC2911B8623B4001BD040 /* SlotMachineTests */ = {
			isa = PBXNativeTarget;
			buildConfigurationList = F40FC29F1B8623B4001BD040 /* Build configuration list for PBXNativeTarget "SlotMachineTests" */;
			buildPhases = (
				F40FC28E1B8623B4001BD040 /* Sources */,
				F40FC28F1B8623B4001BD040 /* Frameworks */,
				F40FC2901B8623B4001BD040 /* Resources */,
			);
			buildRules = (
			);
			dependencies = (
				F40FC2941B8623B4001BD040 /* PBXTargetDependency */,
			);
			name = SlotMachineTests;
			productName = SlotMachineTests;
			productReference = F40FC2921B8623B4001BD040 /* SlotMachineTests.xctest */;
			productType = "com.apple.product-type.bundle.unit-test";
		};
/* End PBXNativeTarget section */

/* Begin PBXProject section */
		F40FC2751B8623B3001BD040 /* Project object */ = {
			isa = PBXProject;
			attributes = {
				LastSwiftUpdateCheck = 0730;
				LastUpgradeCheck = 0640;
				ORGANIZATIONNAME = AppCoda;
				TargetAttributes = {
					F40FC27C1B8623B4001BD040 = {
						CreatedOnToolsVersion = 6.4;
					};
					F40FC2911B8623B4001BD040 = {
						CreatedOnToolsVersion = 6.4;
						TestTargetID = F40FC27C1B8623B4001BD040;
					};
				};
			};
			buildConfigurationList = F40FC2781B8623B3001BD040 /* Build configuration list for PBXProject "SlotMachine" */;
			compatibilityVersion = "Xcode 3.2";
			developmentRegion = English;
			hasScannedForEncodings = 0;
			knownRegions = (
				en,
				Base,
			);
			mainGroup = F40FC2741B8623B3001BD040;
			productRefGroup = F40FC27E1B8623B4001BD040 /* Products */;
			projectDirPath = "";
			projectRoot = "";
			targets = (
				F40FC27C1B8623B4001BD040 /* SlotMachine */,
				F40FC2911B8623B4001BD040 /* SlotMachineTests */,
			);
		};
/* End PBXProject section */

/* Begin PBXResourcesBuildPhase section */
		F40FC27B1B8623B4001BD040 /* Resources */ = {
			isa = PBXResourcesBuildPhase;
			buildActionMask = 2147483647;
			files = (
				F40FC2881B8623B4001BD040 /* Main.storyboard in Resources */,
				F40FC28D1B8623B4001BD040 /* LaunchScreen.xib in Resources */,
				F40FC28A1B8623B4001BD040 /* Images.xcassets in Resources */,
			);
			runOnlyForDeploymentPostprocessing = 0;
		};
		F40FC2901B8623B4001BD040 /* Resources */ = {
			isa = PBXResourcesBuildPhase;
			buildActionMask = 2147483647;
			files = (
			);
			runOnlyForDeploymentPostprocessing = 0;
		};
/* End PBXResourcesBuildPhase section */

/* Begin PBXSourcesBuildPhase section */
		F40FC2791B8623B4001BD040 /* Sources */ = {
			isa = PBXSourcesBuildPhase;
			buildActionMask = 2147483647;
			files = (
				F40FC2851B8623B4001BD040 /* ViewController.swift in Sources */,
				F40FC2831B8623B4001BD040 /* AppDelegate.swift in Sources */,
			);
			runOnlyForDeploymentPostprocessing = 0;
		};
		F40FC28E1B8623B4001BD040 /* Sources */ = {
			isa = PBXSourcesBuildPhase;
			buildActionMask = 2147483647;
			files = (
				F40FC2991B8623B4001BD040 /* SlotMachineTests.swift in Sources */,
			);
			runOnlyForDeploymentPostprocessing = 0;
		};
/* End PBXSourcesBuildPhase section */

/* Begin PBXTargetDependency section */
		F40FC2941B8623B4001BD040 /* PBXTargetDependency */ = {
			isa = PBXTargetDependency;
			target = F40FC27C1B8623B4001BD040 /* SlotMachine */;
			targetProxy = F40FC2931B8623B4001BD040 /* PBXContainerItemProxy */;
		};
/* End PBXTargetDependency section */

/* Begin PBXVariantGroup section */
		F40FC2861B8623B4001BD040 /* Main.storyboard */ = {
			isa = PBXVariantGroup;
			children = (
				F40FC2871B8623B4001BD040 /* Base */,
			);
			name = Main.storyboard;
			sourceTree = "<group>";
		};
		F40FC28B1B8623B4001BD040 /* LaunchScreen.xib */ = {
			isa = PBXVariantGroup;
			children = (
				F40FC28C1B8623B4001BD040 /* Base */,
			);
			name = LaunchScreen.xib;
			sourceTree = "<group>";
		};
/* End PBXVariantGroup section */

/* Begin XCBuildConfiguration section */
		F40FC29A1B8623B4001BD040 /* Debug */ = {
			isa = XCBuildConfiguration;
			buildSettings = {
				ALWAYS_SEARCH_USER_PATHS = NO;
				CLANG_CXX_LANGUAGE_STANDARD = "gnu++0x";
				CLANG_CXX_LIBRARY = "libc++";
				CLANG_ENABLE_MODULES = YES;
				CLANG_ENABLE_OBJC_ARC = YES;
				CLANG_WARN_BOOL_CONVERSION = YES;
				CLANG_WARN_CONSTANT_CONVERSION = YES;
				CLANG_WARN_DIRECT_OBJC_ISA_USAGE = YES_ERROR;
				CLANG_WARN_EMPTY_BODY = YES;
				CLANG_WARN_ENUM_CONVERSION = YES;
				CLANG_WARN_INT_CONVERSION = YES;
				CLANG_WARN_OBJC_ROOT_CLASS = YES_ERROR;
				CLANG_WARN_UNREACHABLE_CODE = YES;
				CLANG_WARN__DUPLICATE_METHOD_MATCH = YES;
				"CODE_SIGN_IDENTITY[sdk=iphoneos*]" = "iPhone Developer";
				COPY_PHASE_STRIP = NO;
				DEBUG_INFORMATION_FORMAT = "dwarf-with-dsym";
				ENABLE_STRICT_OBJC_MSGSEND = YES;
				GCC_C_LANGUAGE_STANDARD = gnu99;
				GCC_DYNAMIC_NO_PIC = NO;
				GCC_NO_COMMON_BLOCKS = YES;
				GCC_OPTIMIZATION_LEVEL = 0;
				GCC_PREPROCESSOR_DEFINITIONS = (
					"DEBUG=1",
					"$(inherited)",
				);
				GCC_SYMBOLS_PRIVATE_EXTERN = NO;
				GCC_WARN_64_TO_32_BIT_CONVERSION = YES;
				GCC_WARN_ABOUT_RETURN_TYPE = YES_ERROR;
				GCC_WARN_UNDECLARED_SELECTOR = YES;
				GCC_WARN_UNINITIALIZED_AUTOS = YES_AGGRESSIVE;
				GCC_WARN_UNUSED_FUNCTION = YES;
				GCC_WARN_UNUSED_VARIABLE = YES;
				IPHONEOS_DEPLOYMENT_TARGET = 8.4;
				MTL_ENABLE_DEBUG_INFO = YES;
				ONLY_ACTIVE_ARCH = YES;
				SDKROOT = iphoneos;
				SWIFT_OPTIMIZATION_LEVEL = "-Onone";
				TARGETED_DEVICE_FAMILY = "1,2";
			};
			name = Debug;
		};
		F40FC29B1B8623B4001BD040 /* Release */ = {
			isa = XCBuildConfiguration;
			buildSettings = {
				ALWAYS_SEARCH_USER_PATHS = NO;
				CLANG_CXX_LANGUAGE_STANDARD = "gnu++0x";
				CLANG_CXX_LIBRARY = "libc++";
				CLANG_ENABLE_MODULES = YES;
				CLANG_ENABLE_OBJC_ARC = YES;
				CLANG_WARN_BOOL_CONVERSION = YES;
				CLANG_WARN_CONSTANT_CONVERSION = YES;
				CLANG_WARN_DIRECT_OBJC_ISA_USAGE = YES_ERROR;
				CLANG_WARN_EMPTY_BODY = YES;
				CLANG_WARN_ENUM_CONVERSION = YES;
				CLANG_WARN_INT_CONVERSION = YES;
				CLANG_WARN_OBJC_ROOT_CLASS = YES_ERROR;
				CLANG_WARN_UNREACHABLE_CODE = YES;
				CLANG_WARN__DUPLICATE_METHOD_MATCH = YES;
				"CODE_SIGN_IDENTITY[sdk=iphoneos*]" = "iPhone Developer";
				COPY_PHASE_STRIP = NO;
				DEBUG_INFORMATION_FORMAT = "dwarf-with-dsym";
				ENABLE_NS_ASSERTIONS = NO;
				ENABLE_STRICT_OBJC_MSGSEND = YES;
				GCC_C_LANGUAGE_STANDARD = gnu99;
				GCC_NO_COMMON_BLOCKS = YES;
				GCC_WARN_64_TO_32_BIT_CONVERSION = YES;
				GCC_WARN_ABOUT_RETURN_TYPE = YES_ERROR;
				GCC_WARN_UNDECLARED_SELECTOR = YES;
				GCC_WARN_UNINITIALIZED_AUTOS = YES_AGGRESSIVE;
				GCC_WARN_UNUSED_FUNCTION = YES;
				GCC_WARN_UNUSED_VARIABLE = YES;
				IPHONEOS_DEPLOYMENT_TARGET = 8.4;
				MTL_ENABLE_DEBUG_INFO = NO;
				SDKROOT = iphoneos;
				TARGETED_DEVICE_FAMILY = "1,2";
				VALIDATE_PRODUCT = YES;
			};
			name = Release;
		};
		F40FC29D1B8623B4001BD040 /* Debug */ = {
			isa = XCBuildConfiguration;
			buildSettings = {
				ASSETCATALOG_COMPILER_APPICON_NAME = AppIcon;
				INFOPLIST_FILE = SlotMachine/Info.plist;
				LD_RUNPATH_SEARCH_PATHS = "$(inherited) @executable_path/Frameworks";
				PRODUCT_NAME = "$(TARGET_NAME)";
			};
			name = Debug;
		};
		F40FC29E1B8623B4001BD040 /* Release */ = {
			isa = XCBuildConfiguration;
			buildSettings = {
				ASSETCATALOG_COMPILER_APPICON_NAME = AppIcon;
				INFOPLIST_FILE = SlotMachine/Info.plist;
				LD_RUNPATH_SEARCH_PATHS = "$(inherited) @executable_path/Frameworks";
				PRODUCT_NAME = "$(TARGET_NAME)";
			};
			name = Release;
		};
		F40FC2A01B8623B4001BD040 /* Debug */ = {
			isa = XCBuildConfiguration;
			buildSettings = {
				BUNDLE_LOADER = "$(TEST_HOST)";
				FRAMEWORK_SEARCH_PATHS = (
					"$(SDKROOT)/Developer/Library/Frameworks",
					"$(inherited)",
				);
				GCC_PREPROCESSOR_DEFINITIONS = (
					"DEBUG=1",
					"$(inherited)",
				);
				INFOPLIST_FILE = SlotMachineTests/Info.plist;
				LD_RUNPATH_SEARCH_PATHS = "$(inherited) @executable_path/Frameworks @loader_path/Frameworks";
				PRODUCT_NAME = "$(TARGET_NAME)";
				TEST_HOST = "$(BUILT_PRODUCTS_DIR)/SlotMachine.app/SlotMachine";
			};
			name = Debug;
		};
		F40FC2A11B8623B4001BD040 /* Release */ = {
			isa = XCBuildConfiguration;
			buildSettings = {
				BUNDLE_LOADER = "$(TEST_HOST)";
				FRAMEWORK_SEARCH_PATHS = (
					"$(SDKROOT)/Developer/Library/Frameworks",
					"$(inherited)",
				);
				INFOPLIST_FILE = SlotMachineTests/Info.plist;
				LD_RUNPATH_SEARCH_PATHS = "$(inherited) @executable_path/Frameworks @loader_path/Frameworks";
				PRODUCT_NAME = "$(TARGET_NAME)";
				TEST_HOST = "$(BUILT_PRODUCTS_DIR)/SlotMachine.app/SlotMachine";
			};
			name = Release;
		};
/* End XCBuildConfiguration section */

/* Begin XCConfigurationList section */
		F40FC2781B8623B3001BD040 /* Build configuration list for PBXProject "SlotMachine" */ = {
			isa = XCConfigurationList;
			buildConfigurations = (
				F40FC29A1B8623B4001BD040 /* Debug */,
				F40FC29B1B8623B4001BD040 /* Release */,
			);
			defaultConfigurationIsVisible = 0;
			defaultConfigurationName = Release;
		};
		F40FC29C1B8623B4001BD040 /* Build configuration list for PBXNativeTarget "SlotMachine" */ = {
			isa = XCConfigurationList;
			buildConfigurations = (
				F40FC29D1B8623B4001BD040 /* Debug */,
				F40FC29E1B8623B4001BD040 /* Release */,
			);
			defaultConfigurationIsVisible = 0;
			defaultConfigurationName = Release;
		};
		F40FC29F1B8623B4001BD040 /* Build configuration list for PBXNativeTarget "SlotMachineTests" */ = {
			isa = XCConfigurationList;
			buildConfigurations = (
				F40FC2A01B8623B4001BD040 /* Debug */,
				F40FC2A11B8623B4001BD040 /* Release */,
			);
			defaultConfigurationIsVisible = 0;
			defaultConfigurationName = Release;
		};
/* End XCConfigurationList section */
	};
	rootObject = F40FC2751B8623B3001BD040 /* Project object */;
}
